{
  "version": 4,
  "terraform_version": "1.3.7",
  "serial": 726,
  "lineage": "084919f5-d5fb-b5ca-b905-9e65e11e9f8c",
  "outputs": {},
  "resources": [
    {
      "mode": "managed",
      "type": "oci_core_instance",
      "name": "TEST-Comp-Inst_01",
      "provider": "provider[\"registry.terraform.io/hashicorp/oci\"]",
      "instances": [
        {
          "schema_version": 0,
          "attributes": {
            "agent_config": [
              {
                "are_all_plugins_disabled": false,
                "is_management_disabled": false,
                "is_monitoring_disabled": false,
                "plugins_config": []
              }
            ],
            "async": null,
            "availability_config": [
              {
                "is_live_migration_preferred": false,
                "recovery_action": "RESTORE_INSTANCE"
              }
            ],
            "availability_domain": "sgAm:EU-FRANKFURT-1-AD-1",
            "boot_volume_id": "ocid1.bootvolume.oc1.eu-frankfurt-1.abtheljrctwp75i5ajupefmjwc54rw7md5dh67e23lbt6e66cqxkyuau6eyq",
            "capacity_reservation_id": null,
            "compartment_id": "ocid1.compartment.oc1..aaaaaaaaqrgldxcnc466mrneqbilp2fd4oxjsehq7ht7jeiqclws55aodwna",
            "create_vnic_details": [
              {
                "assign_private_dns_record": false,
                "assign_public_ip": "true",
                "defined_tags": {
                  "Oracle-Tags.CreatedBy": "oracleidentitycloudservice/alexandros.sakiotis",
                  "Oracle-Tags.CreatedOn": "2023-02-16T14:18:58.859Z"
                },
                "display_name": "my-terraform-vm_01",
                "freeform_tags": {},
                "hostname_label": "",
                "nsg_ids": [],
                "private_ip": "10.0.9.211",
                "skip_source_dest_check": false,
                "subnet_id": "ocid1.subnet.oc1.eu-frankfurt-1.aaaaaaaa6oquhjzrpqak3vn6tughrzqnwrgsi4yrkfw7t4elhwyc3icmbzta",
                "vlan_id": ""
              }
            ],
            "dedicated_vm_host_id": null,
            "defined_tags": {
              "Oracle-Tags.CreatedBy": "oracleidentitycloudservice/alexandros.sakiotis",
              "Oracle-Tags.CreatedOn": "2023-02-16T14:18:58.651Z"
            },
            "display_name": "my-terraform-vm_01",
            "extended_metadata": {},
            "fault_domain": "FAULT-DOMAIN-2",
            "freeform_tags": {},
            "hostname_label": "",
            "id": "ocid1.instance.oc1.eu-frankfurt-1.antheljrlj2sfiycqo4fpznz6zxczjf2xwj6nb36e6v2loldav5karssezfq",
            "image": "ocid1.image.oc1.eu-frankfurt-1.aaaaaaaa47555lp4mjbiuf64doxtnbimrwk57m4sfgu3gonaf5i2cteil5iq",
            "instance_options": [
              {
                "are_legacy_imds_endpoints_disabled": false
              }
            ],
            "ipxe_script": null,
            "is_pv_encryption_in_transit_enabled": null,
            "launch_mode": "PARAVIRTUALIZED",
            "launch_options": [
              {
                "boot_volume_type": "PARAVIRTUALIZED",
                "firmware": "UEFI_64",
                "is_consistent_volume_naming_enabled": true,
                "is_pv_encryption_in_transit_enabled": false,
                "network_type": "PARAVIRTUALIZED",
                "remote_data_volume_type": "PARAVIRTUALIZED"
              }
            ],
            "metadata": {
              "ssh_authorized_keys": "ssh-rsa AAAAB3NzaC1yc2EAAAADAQABAAABgQCyyaoTwIoO6oIPWcVaL0WcCoiPPCqTFimiGEZiLWTY/wfHKhCgwB19qnMC0tDiYiFnn0BnQlvhQTlg6D4j+kxG8Kwvg8WZ78OcyNQ56ML75wI5EOXivzTuIPEaVY47yMIPHvb4FOHZT+1am9s//aI7gZwjdpLFAPLnoxa7znsv1gysmgimx4yF6QUE9FfaFH+q51Q5xA3k/DWvIGww7nroOs+3K/qTMFmOFaPxgbI4wp+mRgmHzeuJrTh629IOOTzFfLc8oD9Mo+nhMBFqnC4RqyAcra1RrfxE7UwmonA5HWKwQwekPEtItLenhEbEU54odZ2lI/wSyaQAVNqsDYBnKU1j+7AbkXik1qjH+GoDkSFgLZLd09QdD19uGvOs1bH5/2OE2uLBulTfIMuzfx1B05kRxL1o/Vb7S/0oeMdwRj200Pgd+aR6aMzIQ0fG8WrerdP+pI1mZWv/fi6w551WkFsAWHMiH9UtLoYe9vH68dI3FF01bH+l51irjKV20ZM= opc@test-instance-20230117-1615",
              "user_data": "IyEvYmluL2Jhc2ggLXgKZWNobyAnIyMjIyMjIyMjIyMjIyMjIyMjIyB3ZWJzZXJ2ZXIgdXNlcmRhdGEgYmVnaW5zICMjIyMjIyMjIyMjIyMjIyMjIyMjIycKdG91Y2ggfm9wYy91c2VyZGF0YS5gZGF0ZSArJXNgLnN0YXJ0CiMgZWNobyAnIyMjIyMjIyMjIyB5dW0gdXBkYXRlIGFsbCAjIyMjIyMjIyMjIyMjIyMnCiMgeXVtIHVwZGF0ZSAteQplY2hvICcjIyMjIyMjIyMjIGJhc2ljIHdlYnNlcnZlciAjIyMjIyMjIyMjIyMjIycKeXVtIGluc3RhbGwgLXkgaHR0cGQKc3lzdGVtY3RsIGVuYWJsZSAgaHR0cGQuc2VydmljZQpzeXN0ZW1jdGwgc3RhcnQgIGh0dHBkLnNlcnZpY2UKZWNobyAnPGh0bWw+PGhlYWQ+PC9oZWFkPjxib2R5PjxwcmU+PGNvZGU+JyA+IC92YXIvd3d3L2h0bWwvaW5kZXguaHRtbApob3N0bmFtZSA+PiAvdmFyL3d3dy9odG1sL2luZGV4Lmh0bWwKZWNobyAnJyA+PiAvdmFyL3d3dy9odG1sL2luZGV4Lmh0bWwKY2F0IC9ldGMvb3MtcmVsZWFzZSA+PiAvdmFyL3d3dy9odG1sL2luZGV4Lmh0bWwKZWNobyAnPC9jb2RlPjwvcHJlPjwvYm9keT48L2h0bWw+JyA+PiAvdmFyL3d3dy9odG1sL2luZGV4Lmh0bWwKZmlyZXdhbGwtb2ZmbGluZS1jbWQgLS1hZGQtc2VydmljZT1odHRwCnN5c3RlbWN0bCBlbmFibGUgIGZpcmV3YWxsZApzeXN0ZW1jdGwgcmVzdGFydCAgZmlyZXdhbGxkCnRvdWNoIH5vcGMvdXNlcmRhdGEuYGRhdGUgKyVzYC5maW5pc2gKZWNobyAnIyMjIyMjIyMjIyMjIyMjIyMjIyB3ZWJzZXJ2ZXIgdXNlcmRhdGEgZW5kcyAjIyMjIyMjIyMjIyMjIyMjIyMjIyMjIycK"
            },
            "platform_config": [],
            "preemptible_instance_config": [],
            "preserve_boot_volume": false,
            "private_ip": "10.0.9.211",
            "public_ip": "130.61.222.63",
            "region": "eu-frankfurt-1",
            "shape": "VM.Standard.E2.4",
            "shape_config": [
              {
                "baseline_ocpu_utilization": "",
                "gpu_description": "",
                "gpus": 0,
                "local_disk_description": "",
                "local_disks": 0,
                "local_disks_total_size_in_gbs": 0,
                "max_vnic_attachments": 4,
                "memory_in_gbs": 32,
                "networking_bandwidth_in_gbps": 2.799999952316284,
                "nvmes": 0,
                "ocpus": 4,
                "processor_description": "2.0 GHz AMD EPYC™ 7551 (Naples)"
              }
            ],
            "source_details": [
              {
                "boot_volume_size_in_gbs": "47",
                "boot_volume_vpus_per_gb": "10",
                "kms_key_id": "",
                "source_id": "ocid1.image.oc1.eu-frankfurt-1.aaaaaaaa47555lp4mjbiuf64doxtnbimrwk57m4sfgu3gonaf5i2cteil5iq",
                "source_type": "image"
              }
            ],
            "state": "RUNNING",
            "subnet_id": "ocid1.subnet.oc1.eu-frankfurt-1.aaaaaaaa6oquhjzrpqak3vn6tughrzqnwrgsi4yrkfw7t4elhwyc3icmbzta",
            "system_tags": {},
            "time_created": "2023-02-16 14:18:59.241 +0000 UTC",
            "time_maintenance_reboot_due": "",
            "timeouts": null
          },
          "sensitive_attributes": [],
          "private": "eyJlMmJmYjczMC1lY2FhLTExZTYtOGY4OC0zNDM2M2JjN2M0YzAiOnsiY3JlYXRlIjoyNzAwMDAwMDAwMDAwLCJkZWxldGUiOjQ1MDAwMDAwMDAwMDAsInVwZGF0ZSI6MjcwMDAwMDAwMDAwMH19",
          "dependencies": [
            "oci_core_security_list.terraformsecuritylist",
            "oci_core_subnet.my_subnet_01",
            "oci_core_vcn.my_vcn"
          ]
        }
      ]
    },
    {
      "mode": "managed",
      "type": "oci_core_instance",
      "name": "TEST-Comp-Inst_2",
      "provider": "provider[\"registry.terraform.io/hashicorp/oci\"]",
      "instances": [
        {
          "schema_version": 0,
          "attributes": {
            "agent_config": [
              {
                "are_all_plugins_disabled": false,
                "is_management_disabled": false,
                "is_monitoring_disabled": false,
                "plugins_config": []
              }
            ],
            "async": null,
            "availability_config": [
              {
                "is_live_migration_preferred": false,
                "recovery_action": "RESTORE_INSTANCE"
              }
            ],
            "availability_domain": "sgAm:EU-FRANKFURT-1-AD-2",
            "boot_volume_id": "ocid1.bootvolume.oc1.eu-frankfurt-1.abtheljtv23ariidezvzvdjixgz5lbgfvssmcpyf5lskrducjnrnw5y2cgya",
            "capacity_reservation_id": null,
            "compartment_id": "ocid1.compartment.oc1..aaaaaaaaqrgldxcnc466mrneqbilp2fd4oxjsehq7ht7jeiqclws55aodwna",
            "create_vnic_details": [
              {
                "assign_private_dns_record": false,
                "assign_public_ip": "true",
                "defined_tags": {
                  "Oracle-Tags.CreatedBy": "oracleidentitycloudservice/alexandros.sakiotis",
                  "Oracle-Tags.CreatedOn": "2023-02-16T14:18:59.189Z"
                },
                "display_name": "my-terraform-vm_2",
                "freeform_tags": {},
                "hostname_label": "",
                "nsg_ids": [],
                "private_ip": "10.0.202.160",
                "skip_source_dest_check": false,
                "subnet_id": "ocid1.subnet.oc1.eu-frankfurt-1.aaaaaaaacv6cnisctaue7ogyqubj7aiha4ejogvt32ylgz7tjuq6posd74sa",
                "vlan_id": ""
              }
            ],
            "dedicated_vm_host_id": null,
            "defined_tags": {
              "Oracle-Tags.CreatedBy": "oracleidentitycloudservice/alexandros.sakiotis",
              "Oracle-Tags.CreatedOn": "2023-02-16T14:18:59.064Z"
            },
            "display_name": "my-terraform-vm_2",
            "extended_metadata": {},
            "fault_domain": "FAULT-DOMAIN-2",
            "freeform_tags": {},
            "hostname_label": "",
            "id": "ocid1.instance.oc1.eu-frankfurt-1.antheljtlj2sfiycqkl6wxbcjpj6rzn25nalgup2drqzr7qxrsrzq6f33wya",
            "image": "ocid1.image.oc1.eu-frankfurt-1.aaaaaaaa47555lp4mjbiuf64doxtnbimrwk57m4sfgu3gonaf5i2cteil5iq",
            "instance_options": [
              {
                "are_legacy_imds_endpoints_disabled": false
              }
            ],
            "ipxe_script": null,
            "is_pv_encryption_in_transit_enabled": null,
            "launch_mode": "PARAVIRTUALIZED",
            "launch_options": [
              {
                "boot_volume_type": "PARAVIRTUALIZED",
                "firmware": "UEFI_64",
                "is_consistent_volume_naming_enabled": true,
                "is_pv_encryption_in_transit_enabled": false,
                "network_type": "PARAVIRTUALIZED",
                "remote_data_volume_type": "PARAVIRTUALIZED"
              }
            ],
            "metadata": {
              "ssh_authorized_keys": "ssh-rsa AAAAB3NzaC1yc2EAAAADAQABAAABgQCyyaoTwIoO6oIPWcVaL0WcCoiPPCqTFimiGEZiLWTY/wfHKhCgwB19qnMC0tDiYiFnn0BnQlvhQTlg6D4j+kxG8Kwvg8WZ78OcyNQ56ML75wI5EOXivzTuIPEaVY47yMIPHvb4FOHZT+1am9s//aI7gZwjdpLFAPLnoxa7znsv1gysmgimx4yF6QUE9FfaFH+q51Q5xA3k/DWvIGww7nroOs+3K/qTMFmOFaPxgbI4wp+mRgmHzeuJrTh629IOOTzFfLc8oD9Mo+nhMBFqnC4RqyAcra1RrfxE7UwmonA5HWKwQwekPEtItLenhEbEU54odZ2lI/wSyaQAVNqsDYBnKU1j+7AbkXik1qjH+GoDkSFgLZLd09QdD19uGvOs1bH5/2OE2uLBulTfIMuzfx1B05kRxL1o/Vb7S/0oeMdwRj200Pgd+aR6aMzIQ0fG8WrerdP+pI1mZWv/fi6w551WkFsAWHMiH9UtLoYe9vH68dI3FF01bH+l51irjKV20ZM= opc@test-instance-20230117-1615",
              "user_data": "IyEvYmluL2Jhc2ggLXgKZWNobyAnIyMjIyMjIyMjIyMjIyMjIyMjIyB3ZWJzZXJ2ZXIgdXNlcmRhdGEgYmVnaW5zICMjIyMjIyMjIyMjIyMjIyMjIyMjIycKdG91Y2ggfm9wYy91c2VyZGF0YS5gZGF0ZSArJXNgLnN0YXJ0CiMgZWNobyAnIyMjIyMjIyMjIyB5dW0gdXBkYXRlIGFsbCAjIyMjIyMjIyMjIyMjIyMnCiMgeXVtIHVwZGF0ZSAteQplY2hvICcjIyMjIyMjIyMjIGJhc2ljIHdlYnNlcnZlciAjIyMjIyMjIyMjIyMjIycKeXVtIGluc3RhbGwgLXkgaHR0cGQKc3lzdGVtY3RsIGVuYWJsZSAgaHR0cGQuc2VydmljZQpzeXN0ZW1jdGwgc3RhcnQgIGh0dHBkLnNlcnZpY2UKZWNobyAnPGh0bWw+PGhlYWQ+PC9oZWFkPjxib2R5PjxwcmU+PGNvZGU+JyA+IC92YXIvd3d3L2h0bWwvaW5kZXguaHRtbApob3N0bmFtZSA+PiAvdmFyL3d3dy9odG1sL2luZGV4Lmh0bWwKZWNobyAnJyA+PiAvdmFyL3d3dy9odG1sL2luZGV4Lmh0bWwKY2F0IC9ldGMvb3MtcmVsZWFzZSA+PiAvdmFyL3d3dy9odG1sL2luZGV4Lmh0bWwKZWNobyAnPC9jb2RlPjwvcHJlPjwvYm9keT48L2h0bWw+JyA+PiAvdmFyL3d3dy9odG1sL2luZGV4Lmh0bWwKZmlyZXdhbGwtb2ZmbGluZS1jbWQgLS1hZGQtc2VydmljZT1odHRwCnN5c3RlbWN0bCBlbmFibGUgIGZpcmV3YWxsZApzeXN0ZW1jdGwgcmVzdGFydCAgZmlyZXdhbGxkCnRvdWNoIH5vcGMvdXNlcmRhdGEuYGRhdGUgKyVzYC5maW5pc2gKZWNobyAnIyMjIyMjIyMjIyMjIyMjIyMjIyB3ZWJzZXJ2ZXIgdXNlcmRhdGEgZW5kcyAjIyMjIyMjIyMjIyMjIyMjIyMjIyMjIycK"
            },
            "platform_config": [],
            "preemptible_instance_config": [],
            "preserve_boot_volume": false,
            "private_ip": "10.0.202.160",
            "public_ip": "130.162.62.105",
            "region": "eu-frankfurt-1",
            "shape": "VM.Standard2.1",
            "shape_config": [
              {
                "baseline_ocpu_utilization": "",
                "gpu_description": "",
                "gpus": 0,
                "local_disk_description": "",
                "local_disks": 0,
                "local_disks_total_size_in_gbs": 0,
                "max_vnic_attachments": 2,
                "memory_in_gbs": 15,
                "networking_bandwidth_in_gbps": 1,
                "nvmes": 0,
                "ocpus": 1,
                "processor_description": "2.0 GHz Intel® Xeon® Platinum 8167M (Skylake)"
              }
            ],
            "source_details": [
              {
                "boot_volume_size_in_gbs": "47",
                "boot_volume_vpus_per_gb": "10",
                "kms_key_id": "",
                "source_id": "ocid1.image.oc1.eu-frankfurt-1.aaaaaaaa47555lp4mjbiuf64doxtnbimrwk57m4sfgu3gonaf5i2cteil5iq",
                "source_type": "image"
              }
            ],
            "state": "RUNNING",
            "subnet_id": "ocid1.subnet.oc1.eu-frankfurt-1.aaaaaaaacv6cnisctaue7ogyqubj7aiha4ejogvt32ylgz7tjuq6posd74sa",
            "system_tags": {},
            "time_created": "2023-02-16 14:18:59.576 +0000 UTC",
            "time_maintenance_reboot_due": "",
            "timeouts": null
          },
          "sensitive_attributes": [],
          "private": "eyJlMmJmYjczMC1lY2FhLTExZTYtOGY4OC0zNDM2M2JjN2M0YzAiOnsiY3JlYXRlIjoyNzAwMDAwMDAwMDAwLCJkZWxldGUiOjQ1MDAwMDAwMDAwMDAsInVwZGF0ZSI6MjcwMDAwMDAwMDAwMH19",
          "dependencies": [
            "oci_core_security_list.terraformsecuritylist",
            "oci_core_subnet.my_subnet_02",
            "oci_core_vcn.my_vcn"
          ]
        }
      ]
    },
    {
      "mode": "managed",
      "type": "oci_core_security_list",
      "name": "terraformsecuritylist",
      "provider": "provider[\"registry.terraform.io/hashicorp/oci\"]",
      "instances": [
        {
          "schema_version": 0,
          "attributes": {
            "compartment_id": "ocid1.compartment.oc1..aaaaaaaaqrgldxcnc466mrneqbilp2fd4oxjsehq7ht7jeiqclws55aodwna",
            "defined_tags": {
              "Oracle-Tags.CreatedBy": "oracleidentitycloudservice/alexandros.sakiotis",
              "Oracle-Tags.CreatedOn": "2023-02-16T14:18:55.463Z"
            },
            "display_name": "terraformsecuritylist",
            "egress_security_rules": [
              {
                "description": "",
                "destination": "0.0.0.0/0",
                "destination_type": "CIDR_BLOCK",
                "icmp_options": [],
                "protocol": "all",
                "stateless": false,
                "tcp_options": [],
                "udp_options": []
              }
            ],
            "freeform_tags": {},
            "id": "ocid1.securitylist.oc1.eu-frankfurt-1.aaaaaaaarcpsvgmcynl3eh54nosr4awuf4xr4tsb4ktpcu62tpbqvmznn4qq",
            "ingress_security_rules": [
              {
                "description": "Allow LB Listener",
                "icmp_options": [],
                "protocol": "6",
                "source": "0.0.0.0/0",
                "source_type": "CIDR_BLOCK",
                "stateless": false,
                "tcp_options": [
                  {
                    "max": 80,
                    "min": 80,
                    "source_port_range": []
                  }
                ],
                "udp_options": []
              },
              {
                "description": "Allow NFS traffic",
                "icmp_options": [],
                "protocol": "17",
                "source": "0.0.0.0/0",
                "source_type": "CIDR_BLOCK",
                "stateless": false,
                "tcp_options": [],
                "udp_options": [
                  {
                    "max": 111,
                    "min": 111,
                    "source_port_range": []
                  }
                ]
              },
              {
                "description": "Allow NFS traffic",
                "icmp_options": [],
                "protocol": "17",
                "source": "0.0.0.0/0",
                "source_type": "CIDR_BLOCK",
                "stateless": false,
                "tcp_options": [],
                "udp_options": [
                  {
                    "max": 2048,
                    "min": 2048,
                    "source_port_range": []
                  }
                ]
              },
              {
                "description": "Allow NFS traffic",
                "icmp_options": [],
                "protocol": "6",
                "source": "0.0.0.0/0",
                "source_type": "CIDR_BLOCK",
                "stateless": false,
                "tcp_options": [
                  {
                    "max": 111,
                    "min": 111,
                    "source_port_range": []
                  }
                ],
                "udp_options": []
              },
              {
                "description": "Allow NFS traffic",
                "icmp_options": [],
                "protocol": "6",
                "source": "0.0.0.0/0",
                "source_type": "CIDR_BLOCK",
                "stateless": false,
                "tcp_options": [
                  {
                    "max": 2050,
                    "min": 2048,
                    "source_port_range": []
                  }
                ],
                "udp_options": []
              },
              {
                "description": "Allow SSH traffic",
                "icmp_options": [],
                "protocol": "6",
                "source": "0.0.0.0/0",
                "source_type": "CIDR_BLOCK",
                "stateless": false,
                "tcp_options": [
                  {
                    "max": 22,
                    "min": 22,
                    "source_port_range": []
                  }
                ],
                "udp_options": []
              },
              {
                "description": "Allow ping traffic",
                "icmp_options": [],
                "protocol": "1",
                "source": "0.0.0.0/0",
                "source_type": "CIDR_BLOCK",
                "stateless": false,
                "tcp_options": [],
                "udp_options": []
              }
            ],
            "state": "AVAILABLE",
            "time_created": "2023-02-16 14:18:55.508 +0000 UTC",
            "timeouts": null,
            "vcn_id": "ocid1.vcn.oc1.eu-frankfurt-1.amaaaaaalj2sfiyasrialjnh7w6wjillcqn6w66zdsos5anp5vpguuwor4ta"
          },
          "sensitive_attributes": [],
          "private": "eyJlMmJmYjczMC1lY2FhLTExZTYtOGY4OC0zNDM2M2JjN2M0YzAiOnsiY3JlYXRlIjoxMjAwMDAwMDAwMDAwLCJkZWxldGUiOjEyMDAwMDAwMDAwMDAsInVwZGF0ZSI6MTIwMDAwMDAwMDAwMH19",
          "dependencies": [
            "oci_core_vcn.my_vcn"
          ]
        }
      ]
    },
    {
      "mode": "managed",
      "type": "oci_core_subnet",
      "name": "my_subnet_01",
      "provider": "provider[\"registry.terraform.io/hashicorp/oci\"]",
      "instances": [
        {
          "schema_version": 0,
          "attributes": {
            "availability_domain": "sgAm:EU-FRANKFURT-1-AD-1",
            "cidr_block": "10.0.0.0/17",
            "compartment_id": "ocid1.compartment.oc1..aaaaaaaaqrgldxcnc466mrneqbilp2fd4oxjsehq7ht7jeiqclws55aodwna",
            "defined_tags": {
              "Oracle-Tags.CreatedBy": "oracleidentitycloudservice/alexandros.sakiotis",
              "Oracle-Tags.CreatedOn": "2023-02-16T14:18:56.024Z"
            },
            "dhcp_options_id": "ocid1.dhcpoptions.oc1.eu-frankfurt-1.aaaaaaaau4h66mgvtx346ob6wl3joomswzjcp4vd6ypu4byj3m4rkrxeh7ca",
            "display_name": "my_subnet_01",
            "dns_label": null,
            "freeform_tags": {},
            "id": "ocid1.subnet.oc1.eu-frankfurt-1.aaaaaaaa6oquhjzrpqak3vn6tughrzqnwrgsi4yrkfw7t4elhwyc3icmbzta",
            "ipv6cidr_block": null,
            "ipv6cidr_blocks": [],
            "ipv6virtual_router_ip": null,
            "prohibit_internet_ingress": false,
            "prohibit_public_ip_on_vnic": false,
            "route_table_id": "ocid1.routetable.oc1.eu-frankfurt-1.aaaaaaaaun44ffixw4gy6qptke5apr3ziyymavqlwfwiwls5yj2qsh3p6ybq",
            "security_list_ids": [
              "ocid1.securitylist.oc1.eu-frankfurt-1.aaaaaaaarcpsvgmcynl3eh54nosr4awuf4xr4tsb4ktpcu62tpbqvmznn4qq"
            ],
            "state": "AVAILABLE",
            "subnet_domain_name": null,
            "time_created": "2023-02-16 14:18:56.111 +0000 UTC",
            "timeouts": null,
            "vcn_id": "ocid1.vcn.oc1.eu-frankfurt-1.amaaaaaalj2sfiyasrialjnh7w6wjillcqn6w66zdsos5anp5vpguuwor4ta",
            "virtual_router_ip": "10.0.0.1",
            "virtual_router_mac": "00:00:17:FE:08:BD"
          },
          "sensitive_attributes": [],
          "private": "eyJlMmJmYjczMC1lY2FhLTExZTYtOGY4OC0zNDM2M2JjN2M0YzAiOnsiY3JlYXRlIjoxMjAwMDAwMDAwMDAwLCJkZWxldGUiOjEyMDAwMDAwMDAwMDAsInVwZGF0ZSI6MTIwMDAwMDAwMDAwMH19",
          "dependencies": [
            "oci_core_security_list.terraformsecuritylist",
            "oci_core_vcn.my_vcn"
          ]
        }
      ]
    },
    {
      "mode": "managed",
      "type": "oci_core_subnet",
      "name": "my_subnet_02",
      "provider": "provider[\"registry.terraform.io/hashicorp/oci\"]",
      "instances": [
        {
          "schema_version": 0,
          "attributes": {
            "availability_domain": "sgAm:EU-FRANKFURT-1-AD-2",
            "cidr_block": "10.0.128.0/17",
            "compartment_id": "ocid1.compartment.oc1..aaaaaaaaqrgldxcnc466mrneqbilp2fd4oxjsehq7ht7jeiqclws55aodwna",
            "defined_tags": {
              "Oracle-Tags.CreatedBy": "oracleidentitycloudservice/alexandros.sakiotis",
              "Oracle-Tags.CreatedOn": "2023-02-16T14:18:56.041Z"
            },
            "dhcp_options_id": "ocid1.dhcpoptions.oc1.eu-frankfurt-1.aaaaaaaau4h66mgvtx346ob6wl3joomswzjcp4vd6ypu4byj3m4rkrxeh7ca",
            "display_name": "my_subnet_02",
            "dns_label": null,
            "freeform_tags": {},
            "id": "ocid1.subnet.oc1.eu-frankfurt-1.aaaaaaaacv6cnisctaue7ogyqubj7aiha4ejogvt32ylgz7tjuq6posd74sa",
            "ipv6cidr_block": null,
            "ipv6cidr_blocks": [],
            "ipv6virtual_router_ip": null,
            "prohibit_internet_ingress": false,
            "prohibit_public_ip_on_vnic": false,
            "route_table_id": "ocid1.routetable.oc1.eu-frankfurt-1.aaaaaaaaun44ffixw4gy6qptke5apr3ziyymavqlwfwiwls5yj2qsh3p6ybq",
            "security_list_ids": [
              "ocid1.securitylist.oc1.eu-frankfurt-1.aaaaaaaarcpsvgmcynl3eh54nosr4awuf4xr4tsb4ktpcu62tpbqvmznn4qq"
            ],
            "state": "AVAILABLE",
            "subnet_domain_name": null,
            "time_created": "2023-02-16 14:18:56.854 +0000 UTC",
            "timeouts": null,
            "vcn_id": "ocid1.vcn.oc1.eu-frankfurt-1.amaaaaaalj2sfiyasrialjnh7w6wjillcqn6w66zdsos5anp5vpguuwor4ta",
            "virtual_router_ip": "10.0.128.1",
            "virtual_router_mac": "00:00:17:FE:08:BD"
          },
          "sensitive_attributes": [],
          "private": "eyJlMmJmYjczMC1lY2FhLTExZTYtOGY4OC0zNDM2M2JjN2M0YzAiOnsiY3JlYXRlIjoxMjAwMDAwMDAwMDAwLCJkZWxldGUiOjEyMDAwMDAwMDAwMDAsInVwZGF0ZSI6MTIwMDAwMDAwMDAwMH19",
          "dependencies": [
            "oci_core_security_list.terraformsecuritylist",
            "oci_core_vcn.my_vcn"
          ]
        }
      ]
    },
    {
      "mode": "managed",
      "type": "oci_core_vcn",
      "name": "my_vcn",
      "provider": "provider[\"registry.terraform.io/hashicorp/oci\"]",
      "instances": [
        {
          "schema_version": 0,
          "attributes": {
            "byoipv6cidr_blocks": [],
            "byoipv6cidr_details": [],
            "cidr_block": "10.0.0.0/16",
            "cidr_blocks": [
              "10.0.0.0/16"
            ],
            "compartment_id": "ocid1.compartment.oc1..aaaaaaaaqrgldxcnc466mrneqbilp2fd4oxjsehq7ht7jeiqclws55aodwna",
            "default_dhcp_options_id": "ocid1.dhcpoptions.oc1.eu-frankfurt-1.aaaaaaaau4h66mgvtx346ob6wl3joomswzjcp4vd6ypu4byj3m4rkrxeh7ca",
            "default_route_table_id": "ocid1.routetable.oc1.eu-frankfurt-1.aaaaaaaaun44ffixw4gy6qptke5apr3ziyymavqlwfwiwls5yj2qsh3p6ybq",
            "default_security_list_id": "ocid1.securitylist.oc1.eu-frankfurt-1.aaaaaaaap36yqeorn4f22xotohmm5ae4f27tsq2qbw6pldotkabgc3z5gnwq",
            "defined_tags": {
              "Oracle-Tags.CreatedBy": "oracleidentitycloudservice/alexandros.sakiotis",
              "Oracle-Tags.CreatedOn": "2023-02-16T14:18:54.489Z"
            },
            "display_name": "my_vcn",
            "dns_label": "examplevcn",
            "freeform_tags": {},
            "id": "ocid1.vcn.oc1.eu-frankfurt-1.amaaaaaalj2sfiyasrialjnh7w6wjillcqn6w66zdsos5anp5vpguuwor4ta",
            "ipv6cidr_blocks": [],
            "ipv6private_cidr_blocks": [],
            "is_ipv6enabled": false,
            "is_oracle_gua_allocation_enabled": null,
            "state": "AVAILABLE",
            "time_created": "2023-02-16 14:18:54.61 +0000 UTC",
            "timeouts": null,
            "vcn_domain_name": "examplevcn.oraclevcn.com"
          },
          "sensitive_attributes": [],
          "private": "eyJlMmJmYjczMC1lY2FhLTExZTYtOGY4OC0zNDM2M2JjN2M0YzAiOnsiY3JlYXRlIjoxMjAwMDAwMDAwMDAwLCJkZWxldGUiOjEyMDAwMDAwMDAwMDAsInVwZGF0ZSI6MTIwMDAwMDAwMDAwMH19"
        }
      ]
    },
    {
      "mode": "managed",
      "type": "oci_load_balancer",
      "name": "my_lb",
      "provider": "provider[\"registry.terraform.io/hashicorp/oci\"]",
      "instances": [
        {
          "schema_version": 0,
          "attributes": {
            "compartment_id": "ocid1.compartment.oc1..aaaaaaaaqrgldxcnc466mrneqbilp2fd4oxjsehq7ht7jeiqclws55aodwna",
            "defined_tags": {
              "Oracle-Tags.CreatedBy": "oracleidentitycloudservice/alexandros.sakiotis",
              "Oracle-Tags.CreatedOn": "2023-02-16T14:18:58.480Z"
            },
            "display_name": "my_lb",
            "freeform_tags": {},
            "id": "ocid1.loadbalancer.oc1.eu-frankfurt-1.aaaaaaaanq3bezgmdwzy7465furfoqtvmwns3zpzmggih4dcqvntdfho2lla",
            "ip_address_details": [
              {
                "ip_address": "144.24.189.210",
                "is_public": true,
                "reserved_ip": []
              }
            ],
            "ip_addresses": [
              "144.24.189.210"
            ],
            "ip_mode": "IPV4",
            "is_private": false,
            "network_security_group_ids": [],
            "reserved_ips": [],
            "shape": "flexible",
            "shape_details": [
              {
                "maximum_bandwidth_in_mbps": 100,
                "minimum_bandwidth_in_mbps": 10
              }
            ],
            "state": "ACTIVE",
            "subnet_ids": [
              "ocid1.subnet.oc1.eu-frankfurt-1.aaaaaaaa6oquhjzrpqak3vn6tughrzqnwrgsi4yrkfw7t4elhwyc3icmbzta",
              "ocid1.subnet.oc1.eu-frankfurt-1.aaaaaaaacv6cnisctaue7ogyqubj7aiha4ejogvt32ylgz7tjuq6posd74sa"
            ],
            "system_tags": {},
            "time_created": "2023-02-16 14:18:59.168 +0000 UTC",
            "timeouts": null
          },
          "sensitive_attributes": [],
          "private": "eyJlMmJmYjczMC1lY2FhLTExZTYtOGY4OC0zNDM2M2JjN2M0YzAiOnsiY3JlYXRlIjoxMjAwMDAwMDAwMDAwLCJkZWxldGUiOjEyMDAwMDAwMDAwMDAsInVwZGF0ZSI6MTIwMDAwMDAwMDAwMH19",
          "dependencies": [
            "oci_core_security_list.terraformsecuritylist",
            "oci_core_subnet.my_subnet_01",
            "oci_core_subnet.my_subnet_02",
            "oci_core_vcn.my_vcn"
          ]
        }
      ]
    },
    {
      "mode": "managed",
      "type": "oci_load_balancer_backend_set",
      "name": "my_lb_backend_set",
      "provider": "provider[\"registry.terraform.io/hashicorp/oci\"]",
      "instances": [
        {
          "schema_version": 0,
          "attributes": {
            "backend": [
              {
                "backup": false,
                "drain": false,
                "ip_address": "10.0.202.160",
                "name": "10.0.202.160:80",
                "offline": false,
                "port": 80,
                "weight": 1
              },
              {
                "backup": false,
                "drain": false,
                "ip_address": "10.0.9.211",
                "name": "10.0.9.211:80",
                "offline": false,
                "port": 80,
                "weight": 1
              }
            ],
            "health_checker": [
              {
                "interval_ms": 30000,
                "port": 80,
                "protocol": "HTTP",
                "response_body_regex": ".*",
                "retries": 3,
                "return_code": 200,
                "timeout_in_millis": 3000,
                "url_path": "/"
              }
            ],
            "id": "loadBalancers/ocid1.loadbalancer.oc1.eu-frankfurt-1.aaaaaaaanq3bezgmdwzy7465furfoqtvmwns3zpzmggih4dcqvntdfho2lla/backendSets/my_lb_backend_set",
            "lb_cookie_session_persistence_configuration": [],
            "load_balancer_id": "ocid1.loadbalancer.oc1.eu-frankfurt-1.aaaaaaaanq3bezgmdwzy7465furfoqtvmwns3zpzmggih4dcqvntdfho2lla",
            "name": "my_lb_backend_set",
            "policy": "ROUND_ROBIN",
            "session_persistence_configuration": [],
            "ssl_configuration": [],
            "state": "SUCCEEDED",
            "timeouts": null
          },
          "sensitive_attributes": [],
          "private": "eyJlMmJmYjczMC1lY2FhLTExZTYtOGY4OC0zNDM2M2JjN2M0YzAiOnsiY3JlYXRlIjoxMjAwMDAwMDAwMDAwLCJkZWxldGUiOjEyMDAwMDAwMDAwMDAsInVwZGF0ZSI6MTIwMDAwMDAwMDAwMH19",
          "dependencies": [
            "oci_core_security_list.terraformsecuritylist",
            "oci_core_subnet.my_subnet_01",
            "oci_core_subnet.my_subnet_02",
            "oci_core_vcn.my_vcn",
            "oci_load_balancer.my_lb"
          ]
        }
      ]
    }
  ],
  "check_results": null
}
